
Microsoft Visual Studio Solution File, Format Version 12.00
# Visual Studio Version 17
VisualStudioVersion = 17.4.33213.308
MinimumVisualStudioVersion = 10.0.40219.1
Project("{FAE04EC0-301F-11D3-BF4B-00C04F79EFBC}") = "Chart_Replicator", "Chart_Replicator\Chart_Replicator.csproj", "{1A1392E3-DD8A-4E83-93F3-F92D0E7F0C0D}"
EndProject
Global
	GlobalSection(SolutionConfigurationPlatforms) = preSolution
		Debug|Any CPU = Debug|Any CPU
		Release|Any CPU = Release|Any CPU
	EndGlobalSection
	GlobalSection(ProjectConfigurationPlatforms) = postSolution
		{1A1392E3-DD8A-4E83-93F3-F92D0E7F0C0D}.Debug|Any CPU.ActiveCfg = Debug|Any CPU
		{1A1392E3-DD8A-4E83-93F3-F92D0E7F0C0D}.Debug|Any CPU.Build.0 = Debug|Any CPU
		{1A1392E3-DD8A-4E83-93F3-F92D0E7F0C0D}.Release|Any CPU.ActiveCfg = Release|Any CPU
		{1A1392E3-DD8A-4E83-93F3-F92D0E7F0C0D}.Release|Any CPU.Build.0 = Release|Any CPU
	EndGlobalSection
	GlobalSection(SolutionProperties) = preSolution
		HideSolutionNode = FALSE
	EndGlobalSection
	GlobalSection(ExtensibilityGlobals) = postSolution
		SolutionGuid = {E8C1D292-6FE1-4CA0-BA8E-DB624B59ADC3}
	EndGlobalSection
EndGlobal
